// !$*UTF8*$!
{
	archiveVersion = 1;
	classes = {
	};
	objectVersion = 50;
	objects = {

/* Begin PBXBuildFile section */
		1F8FAC1623CB272F001ABF2D /* NetworkManager.swift in Sources */ = {isa = PBXBuildFile; fileRef = 1F8FAC1523CB272F001ABF2D /* NetworkManager.swift */; };
		1F8FAC1923CC864F001ABF2D /* ErrorMessage.swift in Sources */ = {isa = PBXBuildFile; fileRef = 1F8FAC1823CC864F001ABF2D /* ErrorMessage.swift */; };
		1F8FAC1C23CDD37D001ABF2D /* FollowerCell.swift in Sources */ = {isa = PBXBuildFile; fileRef = 1F8FAC1B23CDD37D001ABF2D /* FollowerCell.swift */; };
		1F8FAC1E23CDD564001ABF2D /* GFAvatarImageView.swift in Sources */ = {isa = PBXBuildFile; fileRef = 1F8FAC1D23CDD564001ABF2D /* GFAvatarImageView.swift */; };
		1FF6C8AD23C1EAD5008388E3 /* AppDelegate.swift in Sources */ = {isa = PBXBuildFile; fileRef = 1FF6C8AC23C1EAD5008388E3 /* AppDelegate.swift */; };
		1FF6C8AF23C1EAD5008388E3 /* SceneDelegate.swift in Sources */ = {isa = PBXBuildFile; fileRef = 1FF6C8AE23C1EAD5008388E3 /* SceneDelegate.swift */; };
		1FF6C8B123C1EAD5008388E3 /* ViewController.swift in Sources */ = {isa = PBXBuildFile; fileRef = 1FF6C8B023C1EAD5008388E3 /* ViewController.swift */; };
		1FF6C8B623C1EAD9008388E3 /* Assets.xcassets in Resources */ = {isa = PBXBuildFile; fileRef = 1FF6C8B523C1EAD9008388E3 /* Assets.xcassets */; };
		1FF6C8B923C1EAD9008388E3 /* LaunchScreen.storyboard in Resources */ = {isa = PBXBuildFile; fileRef = 1FF6C8B723C1EAD9008388E3 /* LaunchScreen.storyboard */; };
		1FFCBC5723C3B63000ECC46F /* SearchVC.swift in Sources */ = {isa = PBXBuildFile; fileRef = 1FFCBC5623C3B63000ECC46F /* SearchVC.swift */; };
		1FFCBC5923C3B6A800ECC46F /* FavoritesListVC.swift in Sources */ = {isa = PBXBuildFile; fileRef = 1FFCBC5823C3B6A800ECC46F /* FavoritesListVC.swift */; };
		1FFCBC5B23C3F51D00ECC46F /* GFButton.swift in Sources */ = {isa = PBXBuildFile; fileRef = 1FFCBC5A23C3F51D00ECC46F /* GFButton.swift */; };
		1FFCBC5D23C3F92C00ECC46F /* GFTextField.swift in Sources */ = {isa = PBXBuildFile; fileRef = 1FFCBC5C23C3F92C00ECC46F /* GFTextField.swift */; };
		1FFCBC5F23C7EB5000ECC46F /* FollowerListVC.swift in Sources */ = {isa = PBXBuildFile; fileRef = 1FFCBC5E23C7EB5000ECC46F /* FollowerListVC.swift */; };
		1FFCBC6123C8BC7D00ECC46F /* GFTitleLabel.swift in Sources */ = {isa = PBXBuildFile; fileRef = 1FFCBC6023C8BC7D00ECC46F /* GFTitleLabel.swift */; };
		1FFCBC6323C915DF00ECC46F /* GFBodyLabel.swift in Sources */ = {isa = PBXBuildFile; fileRef = 1FFCBC6223C915DF00ECC46F /* GFBodyLabel.swift */; };
		1FFCBC6523C9173100ECC46F /* GFAlertVC.swift in Sources */ = {isa = PBXBuildFile; fileRef = 1FFCBC6423C9173100ECC46F /* GFAlertVC.swift */; };
		1FFCBC6723C9251D00ECC46F /* UIViewController+Ext.swift in Sources */ = {isa = PBXBuildFile; fileRef = 1FFCBC6623C9251D00ECC46F /* UIViewController+Ext.swift */; };
		1FFCBC6E23CA797300ECC46F /* Follower.swift in Sources */ = {isa = PBXBuildFile; fileRef = 1FFCBC6D23CA797300ECC46F /* Follower.swift */; };
		1FFCBC7023CA7C1800ECC46F /* User.swift in Sources */ = {isa = PBXBuildFile; fileRef = 1FFCBC6F23CA7C1800ECC46F /* User.swift */; };
/* End PBXBuildFile section */

/* Begin PBXFileReference section */
		1F8FAC1523CB272F001ABF2D /* NetworkManager.swift */ = {isa = PBXFileReference; lastKnownFileType = sourcecode.swift; path = NetworkManager.swift; sourceTree = "<group>"; };
		1F8FAC1823CC864F001ABF2D /* ErrorMessage.swift */ = {isa = PBXFileReference; lastKnownFileType = sourcecode.swift; path = ErrorMessage.swift; sourceTree = "<group>"; };
		1F8FAC1B23CDD37D001ABF2D /* FollowerCell.swift */ = {isa = PBXFileReference; lastKnownFileType = sourcecode.swift; path = FollowerCell.swift; sourceTree = "<group>"; };
		1F8FAC1D23CDD564001ABF2D /* GFAvatarImageView.swift */ = {isa = PBXFileReference; lastKnownFileType = sourcecode.swift; path = GFAvatarImageView.swift; sourceTree = "<group>"; };
		1FF6C8A923C1EAD5008388E3 /* GHFollowers.app */ = {isa = PBXFileReference; explicitFileType = wrapper.application; includeInIndex = 0; path = GHFollowers.app; sourceTree = BUILT_PRODUCTS_DIR; };
		1FF6C8AC23C1EAD5008388E3 /* AppDelegate.swift */ = {isa = PBXFileReference; lastKnownFileType = sourcecode.swift; path = AppDelegate.swift; sourceTree = "<group>"; };
		1FF6C8AE23C1EAD5008388E3 /* SceneDelegate.swift */ = {isa = PBXFileReference; lastKnownFileType = sourcecode.swift; path = SceneDelegate.swift; sourceTree = "<group>"; };
		1FF6C8B023C1EAD5008388E3 /* ViewController.swift */ = {isa = PBXFileReference; lastKnownFileType = sourcecode.swift; path = ViewController.swift; sourceTree = "<group>"; };
		1FF6C8B523C1EAD9008388E3 /* Assets.xcassets */ = {isa = PBXFileReference; lastKnownFileType = folder.assetcatalog; path = Assets.xcassets; sourceTree = "<group>"; };
		1FF6C8B823C1EAD9008388E3 /* Base */ = {isa = PBXFileReference; lastKnownFileType = file.storyboard; name = Base; path = Base.lproj/LaunchScreen.storyboard; sourceTree = "<group>"; };
		1FF6C8BA23C1EAD9008388E3 /* Info.plist */ = {isa = PBXFileReference; lastKnownFileType = text.plist.xml; path = Info.plist; sourceTree = "<group>"; };
		1FFCBC5623C3B63000ECC46F /* SearchVC.swift */ = {isa = PBXFileReference; lastKnownFileType = sourcecode.swift; path = SearchVC.swift; sourceTree = "<group>"; };
		1FFCBC5823C3B6A800ECC46F /* FavoritesListVC.swift */ = {isa = PBXFileReference; lastKnownFileType = sourcecode.swift; path = FavoritesListVC.swift; sourceTree = "<group>"; };
		1FFCBC5A23C3F51D00ECC46F /* GFButton.swift */ = {isa = PBXFileReference; lastKnownFileType = sourcecode.swift; path = GFButton.swift; sourceTree = "<group>"; };
		1FFCBC5C23C3F92C00ECC46F /* GFTextField.swift */ = {isa = PBXFileReference; lastKnownFileType = sourcecode.swift; path = GFTextField.swift; sourceTree = "<group>"; };
		1FFCBC5E23C7EB5000ECC46F /* FollowerListVC.swift */ = {isa = PBXFileReference; lastKnownFileType = sourcecode.swift; path = FollowerListVC.swift; sourceTree = "<group>"; };
		1FFCBC6023C8BC7D00ECC46F /* GFTitleLabel.swift */ = {isa = PBXFileReference; lastKnownFileType = sourcecode.swift; path = GFTitleLabel.swift; sourceTree = "<group>"; };
		1FFCBC6223C915DF00ECC46F /* GFBodyLabel.swift */ = {isa = PBXFileReference; lastKnownFileType = sourcecode.swift; path = GFBodyLabel.swift; sourceTree = "<group>"; };
		1FFCBC6423C9173100ECC46F /* GFAlertVC.swift */ = {isa = PBXFileReference; lastKnownFileType = sourcecode.swift; path = GFAlertVC.swift; sourceTree = "<group>"; };
		1FFCBC6623C9251D00ECC46F /* UIViewController+Ext.swift */ = {isa = PBXFileReference; lastKnownFileType = sourcecode.swift; path = "UIViewController+Ext.swift"; sourceTree = "<group>"; };
		1FFCBC6D23CA797300ECC46F /* Follower.swift */ = {isa = PBXFileReference; lastKnownFileType = sourcecode.swift; path = Follower.swift; sourceTree = "<group>"; };
		1FFCBC6F23CA7C1800ECC46F /* User.swift */ = {isa = PBXFileReference; lastKnownFileType = sourcecode.swift; path = User.swift; sourceTree = "<group>"; };
/* End PBXFileReference section */

/* Begin PBXFrameworksBuildPhase section */
		1FF6C8A623C1EAD5008388E3 /* Frameworks */ = {
			isa = PBXFrameworksBuildPhase;
			buildActionMask = 2147483647;
			files = (
			);
			runOnlyForDeploymentPostprocessing = 0;
		};
/* End PBXFrameworksBuildPhase section */

/* Begin PBXGroup section */
		1F8FAC1423CB2717001ABF2D /* Managers */ = {
			isa = PBXGroup;
			children = (
				1F8FAC1523CB272F001ABF2D /* NetworkManager.swift */,
			);
			path = Managers;
			sourceTree = "<group>";
		};
		1F8FAC1723CC861F001ABF2D /* Utilities */ = {
			isa = PBXGroup;
			children = (
				1F8FAC1823CC864F001ABF2D /* ErrorMessage.swift */,
			);
			path = Utilities;
			sourceTree = "<group>";
		};
		1F8FAC1A23CDD2D7001ABF2D /* Cells */ = {
			isa = PBXGroup;
			children = (
				1F8FAC1B23CDD37D001ABF2D /* FollowerCell.swift */,
			);
			path = Cells;
			sourceTree = "<group>";
		};
		1FF6C8A023C1EAD5008388E3 = {
			isa = PBXGroup;
			children = (
				1FF6C8AB23C1EAD5008388E3 /* GHFollowers */,
				1FF6C8AA23C1EAD5008388E3 /* Products */,
			);
			sourceTree = "<group>";
		};
		1FF6C8AA23C1EAD5008388E3 /* Products */ = {
			isa = PBXGroup;
			children = (
				1FF6C8A923C1EAD5008388E3 /* GHFollowers.app */,
			);
			name = Products;
			sourceTree = "<group>";
		};
		1FF6C8AB23C1EAD5008388E3 /* GHFollowers */ = {
			isa = PBXGroup;
			children = (
				1F8FAC1723CC861F001ABF2D /* Utilities */,
				1F8FAC1423CB2717001ABF2D /* Managers */,
				1FFCBC6C23CA794900ECC46F /* Model */,
				1FFCBC6A23C950ED00ECC46F /* Extensions */,
				1FFCBC6923C9504800ECC46F /* Custom Views */,
				1FFCBC6823C94FE700ECC46F /* Screens */,
				1FFCBC6B23C9519A00ECC46F /* Support */,
				1FF6C8BA23C1EAD9008388E3 /* Info.plist */,
			);
			path = GHFollowers;
			sourceTree = "<group>";
		};
		1FFCBC6823C94FE700ECC46F /* Screens */ = {
			isa = PBXGroup;
			children = (
				1FFCBC5623C3B63000ECC46F /* SearchVC.swift */,
				1FFCBC5823C3B6A800ECC46F /* FavoritesListVC.swift */,
				1FFCBC5E23C7EB5000ECC46F /* FollowerListVC.swift */,
				1FF6C8B023C1EAD5008388E3 /* ViewController.swift */,
			);
			path = Screens;
			sourceTree = "<group>";
		};
		1FFCBC6923C9504800ECC46F /* Custom Views */ = {
			isa = PBXGroup;
			children = (
				1F8FAC1A23CDD2D7001ABF2D /* Cells */,
				1FFCBC6423C9173100ECC46F /* GFAlertVC.swift */,
				1FFCBC5A23C3F51D00ECC46F /* GFButton.swift */,
				1FFCBC5C23C3F92C00ECC46F /* GFTextField.swift */,
				1FFCBC6023C8BC7D00ECC46F /* GFTitleLabel.swift */,
				1FFCBC6223C915DF00ECC46F /* GFBodyLabel.swift */,
				1F8FAC1D23CDD564001ABF2D /* GFAvatarImageView.swift */,
			);
			path = "Custom Views";
			sourceTree = "<group>";
		};
		1FFCBC6A23C950ED00ECC46F /* Extensions */ = {
			isa = PBXGroup;
			children = (
				1FFCBC6623C9251D00ECC46F /* UIViewController+Ext.swift */,
			);
			path = Extensions;
			sourceTree = "<group>";
		};
		1FFCBC6B23C9519A00ECC46F /* Support */ = {
			isa = PBXGroup;
			children = (
				1FF6C8AC23C1EAD5008388E3 /* AppDelegate.swift */,
				1FF6C8AE23C1EAD5008388E3 /* SceneDelegate.swift */,
				1FF6C8B523C1EAD9008388E3 /* Assets.xcassets */,
				1FF6C8B723C1EAD9008388E3 /* LaunchScreen.storyboard */,
			);
			path = Support;
			sourceTree = "<group>";
		};
		1FFCBC6C23CA794900ECC46F /* Model */ = {
			isa = PBXGroup;
			children = (
				1FFCBC6D23CA797300ECC46F /* Follower.swift */,
				1FFCBC6F23CA7C1800ECC46F /* User.swift */,
			);
			name = Model;
			sourceTree = "<group>";
		};
/* End PBXGroup section */

/* Begin PBXNativeTarget section */
		1FF6C8A823C1EAD5008388E3 /* GHFollowers */ = {
			isa = PBXNativeTarget;
			buildConfigurationList = 1FF6C8BD23C1EAD9008388E3 /* Build configuration list for PBXNativeTarget "GHFollowers" */;
			buildPhases = (
				1FF6C8A523C1EAD5008388E3 /* Sources */,
				1FF6C8A623C1EAD5008388E3 /* Frameworks */,
				1FF6C8A723C1EAD5008388E3 /* Resources */,
			);
			buildRules = (
			);
			dependencies = (
			);
			name = GHFollowers;
			productName = GHFollowers;
			productReference = 1FF6C8A923C1EAD5008388E3 /* GHFollowers.app */;
			productType = "com.apple.product-type.application";
		};
/* End PBXNativeTarget section */

/* Begin PBXProject section */
		1FF6C8A123C1EAD5008388E3 /* Project object */ = {
			isa = PBXProject;
			attributes = {
				LastSwiftUpdateCheck = 1130;
				LastUpgradeCheck = 1130;
				ORGANIZATIONNAME = "Aleksandr Avdukich";
				TargetAttributes = {
					1FF6C8A823C1EAD5008388E3 = {
						CreatedOnToolsVersion = 11.3;
					};
				};
			};
			buildConfigurationList = 1FF6C8A423C1EAD5008388E3 /* Build configuration list for PBXProject "GHFollowers" */;
			compatibilityVersion = "Xcode 9.3";
			developmentRegion = en;
			hasScannedForEncodings = 0;
			knownRegions = (
				en,
				Base,
			);
			mainGroup = 1FF6C8A023C1EAD5008388E3;
			productRefGroup = 1FF6C8AA23C1EAD5008388E3 /* Products */;
			projectDirPath = "";
			projectRoot = "";
			targets = (
				1FF6C8A823C1EAD5008388E3 /* GHFollowers */,
			);
		};
/* End PBXProject section */

/* Begin PBXResourcesBuildPhase section */
		1FF6C8A723C1EAD5008388E3 /* Resources */ = {
			isa = PBXResourcesBuildPhase;
			buildActionMask = 2147483647;
			files = (
				1FF6C8B923C1EAD9008388E3 /* LaunchScreen.storyboard in Resources */,
				1FF6C8B623C1EAD9008388E3 /* Assets.xcassets in Resources */,
			);
			runOnlyForDeploymentPostprocessing = 0;
		};
/* End PBXResourcesBuildPhase section */

/* Begin PBXSourcesBuildPhase section */
		1FF6C8A523C1EAD5008388E3 /* Sources */ = {
			isa = PBXSourcesBuildPhase;
			buildActionMask = 2147483647;
			files = (
				1FFCBC5723C3B63000ECC46F /* SearchVC.swift in Sources */,
				1FF6C8B123C1EAD5008388E3 /* ViewController.swift in Sources */,
				1FFCBC6723C9251D00ECC46F /* UIViewController+Ext.swift in Sources */,
				1FFCBC5B23C3F51D00ECC46F /* GFButton.swift in Sources */,
				1FFCBC5923C3B6A800ECC46F /* FavoritesListVC.swift in Sources */,
				1FF6C8AD23C1EAD5008388E3 /* AppDelegate.swift in Sources */,
				1FFCBC7023CA7C1800ECC46F /* User.swift in Sources */,
				1F8FAC1C23CDD37D001ABF2D /* FollowerCell.swift in Sources */,
				1F8FAC1E23CDD564001ABF2D /* GFAvatarImageView.swift in Sources */,
				1FFCBC6523C9173100ECC46F /* GFAlertVC.swift in Sources */,
				1FFCBC6E23CA797300ECC46F /* Follower.swift in Sources */,
				1FF6C8AF23C1EAD5008388E3 /* SceneDelegate.swift in Sources */,
				1FFCBC6123C8BC7D00ECC46F /* GFTitleLabel.swift in Sources */,
				1FFCBC5F23C7EB5000ECC46F /* FollowerListVC.swift in Sources */,
				1F8FAC1923CC864F001ABF2D /* ErrorMessage.swift in Sources */,
				1F8FAC1623CB272F001ABF2D /* NetworkManager.swift in Sources */,
				1FFCBC5D23C3F92C00ECC46F /* GFTextField.swift in Sources */,
				1FFCBC6323C915DF00ECC46F /* GFBodyLabel.swift in Sources */,
			);
			runOnlyForDeploymentPostprocessing = 0;
		};
/* End PBXSourcesBuildPhase section */

/* Begin PBXVariantGroup section */
		1FF6C8B723C1EAD9008388E3 /* LaunchScreen.storyboard */ = {
			isa = PBXVariantGroup;
			children = (
				1FF6C8B823C1EAD9008388E3 /* Base */,
			);
			name = LaunchScreen.storyboard;
			sourceTree = "<group>";
		};
/* End PBXVariantGroup section */

/* Begin XCBuildConfiguration section */
		1FF6C8BB23C1EAD9008388E3 /* Debug */ = {
			isa = XCBuildConfiguration;
			buildSettings = {
				ALWAYS_SEARCH_USER_PATHS = NO;
				CLANG_ANALYZER_NONNULL = YES;
				CLANG_ANALYZER_NUMBER_OBJECT_CONVERSION = YES_AGGRESSIVE;
				CLANG_CXX_LANGUAGE_STANDARD = "gnu++14";
				CLANG_CXX_LIBRARY = "libc++";
				CLANG_ENABLE_MODULES = YES;
				CLANG_ENABLE_OBJC_ARC = YES;
				CLANG_ENABLE_OBJC_WEAK = YES;
				CLANG_WARN_BLOCK_CAPTURE_AUTORELEASING = YES;
				CLANG_WARN_BOOL_CONVERSION = YES;
				CLANG_WARN_COMMA = YES;
				CLANG_WARN_CONSTANT_CONVERSION = YES;
				CLANG_WARN_DEPRECATED_OBJC_IMPLEMENTATIONS = YES;
				CLANG_WARN_DIRECT_OBJC_ISA_USAGE = YES_ERROR;
				CLANG_WARN_DOCUMENTATION_COMMENTS = YES;
				CLANG_WARN_EMPTY_BODY = YES;
				CLANG_WARN_ENUM_CONVERSION = YES;
				CLANG_WARN_INFINITE_RECURSION = YES;
				CLANG_WARN_INT_CONVERSION = YES;
				CLANG_WARN_NON_LITERAL_NULL_CONVERSION = YES;
				CLANG_WARN_OBJC_IMPLICIT_RETAIN_SELF = YES;
				CLANG_WARN_OBJC_LITERAL_CONVERSION = YES;
				CLANG_WARN_OBJC_ROOT_CLASS = YES_ERROR;
				CLANG_WARN_RANGE_LOOP_ANALYSIS = YES;
				CLANG_WARN_STRICT_PROTOTYPES = YES;
				CLANG_WARN_SUSPICIOUS_MOVE = YES;
				CLANG_WARN_UNGUARDED_AVAILABILITY = YES_AGGRESSIVE;
				CLANG_WARN_UNREACHABLE_CODE = YES;
				CLANG_WARN__DUPLICATE_METHOD_MATCH = YES;
				COPY_PHASE_STRIP = NO;
				DEBUG_INFORMATION_FORMAT = dwarf;
				ENABLE_STRICT_OBJC_MSGSEND = YES;
				ENABLE_TESTABILITY = YES;
				GCC_C_LANGUAGE_STANDARD = gnu11;
				GCC_DYNAMIC_NO_PIC = NO;
				GCC_NO_COMMON_BLOCKS = YES;
				GCC_OPTIMIZATION_LEVEL = 0;
				GCC_PREPROCESSOR_DEFINITIONS = (
					"DEBUG=1",
					"$(inherited)",
				);
				GCC_WARN_64_TO_32_BIT_CONVERSION = YES;
				GCC_WARN_ABOUT_RETURN_TYPE = YES_ERROR;
				GCC_WARN_UNDECLARED_SELECTOR = YES;
				GCC_WARN_UNINITIALIZED_AUTOS = YES_AGGRESSIVE;
				GCC_WARN_UNUSED_FUNCTION = YES;
				GCC_WARN_UNUSED_VARIABLE = YES;
				IPHONEOS_DEPLOYMENT_TARGET = 13.2;
				MTL_ENABLE_DEBUG_INFO = INCLUDE_SOURCE;
				MTL_FAST_MATH = YES;
				ONLY_ACTIVE_ARCH = YES;
				SDKROOT = iphoneos;
				SWIFT_ACTIVE_COMPILATION_CONDITIONS = DEBUG;
				SWIFT_OPTIMIZATION_LEVEL = "-Onone";
			};
			name = Debug;
		};
		1FF6C8BC23C1EAD9008388E3 /* Release */ = {
			isa = XCBuildConfiguration;
			buildSettings = {
				ALWAYS_SEARCH_USER_PATHS = NO;
				CLANG_ANALYZER_NONNULL = YES;
				CLANG_ANALYZER_NUMBER_OBJECT_CONVERSION = YES_AGGRESSIVE;
				CLANG_CXX_LANGUAGE_STANDARD = "gnu++14";
				CLANG_CXX_LIBRARY = "libc++";
				CLANG_ENABLE_MODULES = YES;
				CLANG_ENABLE_OBJC_ARC = YES;
				CLANG_ENABLE_OBJC_WEAK = YES;
				CLANG_WARN_BLOCK_CAPTURE_AUTORELEASING = YES;
				CLANG_WARN_BOOL_CONVERSION = YES;
				CLANG_WARN_COMMA = YES;
				CLANG_WARN_CONSTANT_CONVERSION = YES;
				CLANG_WARN_DEPRECATED_OBJC_IMPLEMENTATIONS = YES;
				CLANG_WARN_DIRECT_OBJC_ISA_USAGE = YES_ERROR;
				CLANG_WARN_DOCUMENTATION_COMMENTS = YES;
				CLANG_WARN_EMPTY_BODY = YES;
				CLANG_WARN_ENUM_CONVERSION = YES;
				CLANG_WARN_INFINITE_RECURSION = YES;
				CLANG_WARN_INT_CONVERSION = YES;
				CLANG_WARN_NON_LITERAL_NULL_CONVERSION = YES;
				CLANG_WARN_OBJC_IMPLICIT_RETAIN_SELF = YES;
				CLANG_WARN_OBJC_LITERAL_CONVERSION = YES;
				CLANG_WARN_OBJC_ROOT_CLASS = YES_ERROR;
				CLANG_WARN_RANGE_LOOP_ANALYSIS = YES;
				CLANG_WARN_STRICT_PROTOTYPES = YES;
				CLANG_WARN_SUSPICIOUS_MOVE = YES;
				CLANG_WARN_UNGUARDED_AVAILABILITY = YES_AGGRESSIVE;
				CLANG_WARN_UNREACHABLE_CODE = YES;
				CLANG_WARN__DUPLICATE_METHOD_MATCH = YES;
				COPY_PHASE_STRIP = NO;
				DEBUG_INFORMATION_FORMAT = "dwarf-with-dsym";
				ENABLE_NS_ASSERTIONS = NO;
				ENABLE_STRICT_OBJC_MSGSEND = YES;
				GCC_C_LANGUAGE_STANDARD = gnu11;
				GCC_NO_COMMON_BLOCKS = YES;
				GCC_WARN_64_TO_32_BIT_CONVERSION = YES;
				GCC_WARN_ABOUT_RETURN_TYPE = YES_ERROR;
				GCC_WARN_UNDECLARED_SELECTOR = YES;
				GCC_WARN_UNINITIALIZED_AUTOS = YES_AGGRESSIVE;
				GCC_WARN_UNUSED_FUNCTION = YES;
				GCC_WARN_UNUSED_VARIABLE = YES;
				IPHONEOS_DEPLOYMENT_TARGET = 13.2;
				MTL_ENABLE_DEBUG_INFO = NO;
				MTL_FAST_MATH = YES;
				SDKROOT = iphoneos;
				SWIFT_COMPILATION_MODE = wholemodule;
				SWIFT_OPTIMIZATION_LEVEL = "-O";
				VALIDATE_PRODUCT = YES;
			};
			name = Release;
		};
		1FF6C8BE23C1EAD9008388E3 /* Debug */ = {
			isa = XCBuildConfiguration;
			buildSettings = {
				ASSETCATALOG_COMPILER_APPICON_NAME = AppIcon;
				CODE_SIGN_STYLE = Automatic;
				DEVELOPMENT_TEAM = 36763Q3UE3;
				INFOPLIST_FILE = GHFollowers/Info.plist;
				IPHONEOS_DEPLOYMENT_TARGET = 13.2;
				LD_RUNPATH_SEARCH_PATHS = (
					"$(inherited)",
					"@executable_path/Frameworks",
				);
				PRODUCT_BUNDLE_IDENTIFIER = "com.ios-programming.GHFollowers";
				PRODUCT_NAME = "$(TARGET_NAME)";
				SWIFT_VERSION = 5.0;
				TARGETED_DEVICE_FAMILY = 1;
			};
			name = Debug;
		};
		1FF6C8BF23C1EAD9008388E3 /* Release */ = {
			isa = XCBuildConfiguration;
			buildSettings = {
				ASSETCATALOG_COMPILER_APPICON_NAME = AppIcon;
				CODE_SIGN_STYLE = Automatic;
				DEVELOPMENT_TEAM = 36763Q3UE3;
				INFOPLIST_FILE = GHFollowers/Info.plist;
				IPHONEOS_DEPLOYMENT_TARGET = 13.2;
				LD_RUNPATH_SEARCH_PATHS = (
					"$(inherited)",
					"@executable_path/Frameworks",
				);
				PRODUCT_BUNDLE_IDENTIFIER = "com.ios-programming.GHFollowers";
				PRODUCT_NAME = "$(TARGET_NAME)";
				SWIFT_VERSION = 5.0;
				TARGETED_DEVICE_FAMILY = 1;
			};
			name = Release;
		};
/* End XCBuildConfiguration section */

/* Begin XCConfigurationList section */
		1FF6C8A423C1EAD5008388E3 /* Build configuration list for PBXProject "GHFollowers" */ = {
			isa = XCConfigurationList;
			buildConfigurations = (
				1FF6C8BB23C1EAD9008388E3 /* Debug */,
				1FF6C8BC23C1EAD9008388E3 /* Release */,
			);
			defaultConfigurationIsVisible = 0;
			defaultConfigurationName = Release;
		};
		1FF6C8BD23C1EAD9008388E3 /* Build configuration list for PBXNativeTarget "GHFollowers" */ = {
			isa = XCConfigurationList;
			buildConfigurations = (
				1FF6C8BE23C1EAD9008388E3 /* Debug */,
				1FF6C8BF23C1EAD9008388E3 /* Release */,
			);
			defaultConfigurationIsVisible = 0;
			defaultConfigurationName = Release;
		};
/* End XCConfigurationList section */
	};
	rootObject = 1FF6C8A123C1EAD5008388E3 /* Project object */;
}
